
Microsoft Visual Studio Solution File, Format Version 12.00
# Visual Studio Version 17
VisualStudioVersion = 17.14.36127.28
MinimumVisualStudioVersion = 10.0.40219.1
Project("{FAE04EC0-301F-11D3-BF4B-00C04F79EFBC}") = "PlakDukkaniYonetimi.UI", "PlakDukkaniYonetimi.UI\PlakDukkaniYonetimi.UI.csproj", "{21AC4E6F-B6FD-4F22-9C83-FC9FBE1B9C5B}"
EndProject
Project("{FAE04EC0-301F-11D3-BF4B-00C04F79EFBC}") = "PlakDukkaniYonetimi.Core", "PlakDukkaniYonetimi.Core\PlakDukkaniYonetimi.Core.csproj", "{F1512CB8-1609-46BD-896C-5B2944393D78}"
EndProject
Global
	GlobalSection(SolutionConfigurationPlatforms) = preSolution
		Debug|Any CPU = Debug|Any CPU
		Release|Any CPU = Release|Any CPU
	EndGlobalSection
	GlobalSection(ProjectConfigurationPlatforms) = postSolution
		{21AC4E6F-B6FD-4F22-9C83-FC9FBE1B9C5B}.Debug|Any CPU.ActiveCfg = Debug|Any CPU
		{21AC4E6F-B6FD-4F22-9C83-FC9FBE1B9C5B}.Debug|Any CPU.Build.0 = Debug|Any CPU
		{21AC4E6F-B6FD-4F22-9C83-FC9FBE1B9C5B}.Release|Any CPU.ActiveCfg = Release|Any CPU
		{21AC4E6F-B6FD-4F22-9C83-FC9FBE1B9C5B}.Release|Any CPU.Build.0 = Release|Any CPU
		{F1512CB8-1609-46BD-896C-5B2944393D78}.Debug|Any CPU.ActiveCfg = Debug|Any CPU
		{F1512CB8-1609-46BD-896C-5B2944393D78}.Debug|Any CPU.Build.0 = Debug|Any CPU
		{F1512CB8-1609-46BD-896C-5B2944393D78}.Release|Any CPU.ActiveCfg = Release|Any CPU
		{F1512CB8-1609-46BD-896C-5B2944393D78}.Release|Any CPU.Build.0 = Release|Any CPU
	EndGlobalSection
	GlobalSection(SolutionProperties) = preSolution
		HideSolutionNode = FALSE
	EndGlobalSection
	GlobalSection(ExtensibilityGlobals) = postSolution
		SolutionGuid = {F30D28C0-4288-45C3-9382-971B39AEEEB6}
	EndGlobalSection
EndGlobal
